
Microsoft Visual Studio Solution File, Format Version 12.00
# Visual Studio Version 17
VisualStudioVersion = 17.14.36221.1
MinimumVisualStudioVersion = 10.0.40219.1
Project("{2150E333-8FDC-42A3-9474-1A3956D46DE8}") = "SM.Domain", "SM.Domain", "{02EA681E-C7D8-13C7-8484-4AC65E1B71E8}"
EndProject
Project("{2150E333-8FDC-42A3-9474-1A3956D46DE8}") = "SM.Application", "SM.Application", "{10209E27-2690-4494-988A-AA9D7494FA11}"
EndProject
Project("{2150E333-8FDC-42A3-9474-1A3956D46DE8}") = "ShopManagement", "ShopManagement", "{1B05C0E5-D78B-4977-A40D-92909FFAED6F}"
EndProject
Project("{FAE04EC0-301F-11D3-BF4B-00C04F79EFBC}") = "ShopManagement.Domain", "ShopManagement.Domain\ShopManagement.Domain.csproj", "{3DFAC1FD-C12E-4D29-999C-90DFB89D0087}"
EndProject
Project("{FAE04EC0-301F-11D3-BF4B-00C04F79EFBC}") = "ShopManagement.Application", "ShopManagement.Application\ShopManagement.Application.csproj", "{2BC709B8-E97F-43F7-B7B2-99EF09A0607D}"
EndProject
Project("{FAE04EC0-301F-11D3-BF4B-00C04F79EFBC}") = "0_Framework", "0_Framework\0_Framework.csproj", "{A4BC36AE-D374-4D14-8C96-A7CE52D67D14}"
EndProject
Project("{FAE04EC0-301F-11D3-BF4B-00C04F79EFBC}") = "ShopManagement.Application.Contracts", "ShopManagement.Application.Contracts\ShopManagement.Application.Contracts.csproj", "{1E1B54DF-D592-449D-AC29-45557EB4470C}"
EndProject
Project("{2150E333-8FDC-42A3-9474-1A3956D46DE8}") = "SM.Infrastructure", "SM.Infrastructure", "{DD63FCF2-9F50-4564-9D3F-A4BD0D03F849}"
EndProject
Project("{FAE04EC0-301F-11D3-BF4B-00C04F79EFBC}") = "ShopManagement.Infrastructure.EFCore", "ShopManagement.Infrastructure.EFCore\ShopManagement.Infrastructure.EFCore.csproj", "{3DBD8969-69A4-497E-B296-17588630F08C}"
EndProject
Project("{FAE04EC0-301F-11D3-BF4B-00C04F79EFBC}") = "ShopManagement.Configuration", "ShopManagement.Configuration\ShopManagement.Configuration.csproj", "{0B640CD5-0366-4242-B966-DB4D18E2C7BA}"
EndProject
Project("{FAE04EC0-301F-11D3-BF4B-00C04F79EFBC}") = "ServiceHost", "ServiceHost\ServiceHost.csproj", "{804BA66F-2307-4468-BD06-67CB32D58CDC}"
EndProject
Project("{FAE04EC0-301F-11D3-BF4B-00C04F79EFBC}") = "01_ShopQuery", "01_ShopQuery\01_ShopQuery.csproj", "{F76EE07B-0D60-47A0-B859-413126A0B4E7}"
EndProject
Project("{2150E333-8FDC-42A3-9474-1A3956D46DE8}") = "DiscountManagement", "DiscountManagement", "{3D43E94D-D09D-418F-9FBD-194FB8AEB136}"
EndProject
Project("{2150E333-8FDC-42A3-9474-1A3956D46DE8}") = "DM.Application", "DM.Application", "{B4028702-DB49-46B3-9546-F1A9A16F9950}"
EndProject
Project("{2150E333-8FDC-42A3-9474-1A3956D46DE8}") = "DM.Domain", "DM.Domain", "{83A93FE8-F945-4852-BF48-DF4935E66412}"
EndProject
Project("{2150E333-8FDC-42A3-9474-1A3956D46DE8}") = "DM.Infrastructure", "DM.Infrastructure", "{D4149A69-6F77-4E1B-87EC-F85B0D598DFB}"
EndProject
Project("{FAE04EC0-301F-11D3-BF4B-00C04F79EFBC}") = "DiscounrManagement.Domain", "DiscounrManagement.Domain\DiscounrManagement.Domain.csproj", "{4BA89019-2358-46CC-A53C-63E52C0B3F9D}"
EndProject
Project("{FAE04EC0-301F-11D3-BF4B-00C04F79EFBC}") = "DiscountManagement.Application", "DiscountManagement.Application\DiscountManagement.Application.csproj", "{34C1A015-6BFF-4264-9C01-31F9982F269F}"
EndProject
Project("{FAE04EC0-301F-11D3-BF4B-00C04F79EFBC}") = "DiscountManagement.Application.Contracts", "DiscountManagement.Application.Contracts\DiscountManagement.Application.Contracts.csproj", "{E8A840FD-E457-4C32-8F1F-43FC9383FB68}"
EndProject
Project("{FAE04EC0-301F-11D3-BF4B-00C04F79EFBC}") = "DiscountManagement.Infrastructure.EFCore", "DiscountManagement.Infrastructure.EFCore\DiscountManagement.Infrastructure.EFCore.csproj", "{BB1CA343-BC92-4D0B-BB50-727231854349}"
EndProject
Project("{FAE04EC0-301F-11D3-BF4B-00C04F79EFBC}") = "DiscountManagement.Configuration", "DiscountManagement.Configuration\DiscountManagement.Configuration.csproj", "{E2F5F5BA-BC3E-4C66-95F9-C47CF87ADB47}"
EndProject
Project("{2150E333-8FDC-42A3-9474-1A3956D46DE8}") = "InventoryManagement", "InventoryManagement", "{6045632A-2D5C-42E4-A2BE-85001FDE0635}"
EndProject
Project("{2150E333-8FDC-42A3-9474-1A3956D46DE8}") = "IM.Application", "IM.Application", "{BB58F685-1060-4C28-BBA4-23CCC2625F7E}"
EndProject
Project("{2150E333-8FDC-42A3-9474-1A3956D46DE8}") = "IM.Domain", "IM.Domain", "{966DC125-94CA-448A-A8C1-41E43FB6E866}"
EndProject
Project("{2150E333-8FDC-42A3-9474-1A3956D46DE8}") = "IM.Infrastructure", "IM.Infrastructure", "{521BBC6E-FE31-4F21-9278-32F0E58B9DA7}"
EndProject
Project("{FAE04EC0-301F-11D3-BF4B-00C04F79EFBC}") = "InventoryManagement.Application", "InventoryManagement.Application\InventoryManagement.Application.csproj", "{AD9ED596-B808-4DC0-969D-3D454A8F2290}"
EndProject
Project("{FAE04EC0-301F-11D3-BF4B-00C04F79EFBC}") = "InventoryManagement.Application.Contracts", "InventoryManagement.Application.Contracts\InventoryManagement.Application.Contracts.csproj", "{88202A37-6EF3-4106-8C1B-A2E5A73DB882}"
EndProject
Project("{FAE04EC0-301F-11D3-BF4B-00C04F79EFBC}") = "InventoryManagement.Domain", "InventoryManagement.Domain\InventoryManagement.Domain.csproj", "{37D1BBCB-C93F-447A-9372-49E5D0357AC9}"
EndProject
Project("{FAE04EC0-301F-11D3-BF4B-00C04F79EFBC}") = "InventoryManagement.Infrastructure.EFCore", "InventoryManagement.Infrastructure.EFCore\InventoryManagement.Infrastructure.EFCore.csproj", "{5A6361FE-8AF2-4B71-8F7B-D6A9A3DAF862}"
EndProject
Project("{FAE04EC0-301F-11D3-BF4B-00C04F79EFBC}") = "InventoryManagement.Configure", "InventoryManagement.Configure\InventoryManagement.Configure.csproj", "{8BA93939-0F96-41C9-AEA8-FCF60BD47A7B}"
EndProject
Project("{2150E333-8FDC-42A3-9474-1A3956D46DE8}") = "AccountManagement", "AccountManagement", "{B301952C-6154-44BB-AC10-C085117E035B}"
EndProject
Project("{2150E333-8FDC-42A3-9474-1A3956D46DE8}") = "AM.Domain", "AM.Domain", "{3600D105-33DF-451A-910D-CDEE3EA0D578}"
EndProject
Project("{2150E333-8FDC-42A3-9474-1A3956D46DE8}") = "AM.Application", "AM.Application", "{55459C79-C545-4165-BF92-7B1123B4454A}"
EndProject
Project("{FAE04EC0-301F-11D3-BF4B-00C04F79EFBC}") = "AccountManagement.Domain", "AccountManagement.Domain\AccountManagement.Domain.csproj", "{35FFD72C-804C-45B8-9A60-C0C5DAA4CB96}"
EndProject
Project("{FAE04EC0-301F-11D3-BF4B-00C04F79EFBC}") = "AccountManagement.Application", "AccountManagement.Application\AccountManagement.Application.csproj", "{0F5A8C60-7BF7-4076-89C3-3750802551BF}"
EndProject
Project("{FAE04EC0-301F-11D3-BF4B-00C04F79EFBC}") = "AccountManagement.Application.Contracts", "AccountManagement.Application.Contracts\AccountManagement.Application.Contracts.csproj", "{923E11FA-34C9-4AC7-8CDC-654E1C97E106}"
EndProject
Project("{2150E333-8FDC-42A3-9474-1A3956D46DE8}") = "AM.Infrastructure", "AM.Infrastructure", "{2BD9D8CA-D6E8-437A-95DC-258E1468EBCF}"
EndProject
Project("{FAE04EC0-301F-11D3-BF4B-00C04F79EFBC}") = "AccountManagement.Infrasturecture.EFCore", "Accountmanagement.Infrasturecture.EFCore\AccountManagement.Infrasturecture.EFCore.csproj", "{AC3AE1CC-85B4-41EB-8DF4-3514B32E8569}"
EndProject
Project("{FAE04EC0-301F-11D3-BF4B-00C04F79EFBC}") = "AccountManagement.Configuration", "Accountmanagement.Configuration\AccountManagement.Configuration.csproj", "{B98CEB41-40A9-47A6-972D-206B17A28FDB}"
EndProject
Global
	GlobalSection(SolutionConfigurationPlatforms) = preSolution
		Debug|Any CPU = Debug|Any CPU
		Release|Any CPU = Release|Any CPU
	EndGlobalSection
	GlobalSection(ProjectConfigurationPlatforms) = postSolution
		{3DFAC1FD-C12E-4D29-999C-90DFB89D0087}.Debug|Any CPU.ActiveCfg = Debug|Any CPU
		{3DFAC1FD-C12E-4D29-999C-90DFB89D0087}.Debug|Any CPU.Build.0 = Debug|Any CPU
		{3DFAC1FD-C12E-4D29-999C-90DFB89D0087}.Release|Any CPU.ActiveCfg = Release|Any CPU
		{3DFAC1FD-C12E-4D29-999C-90DFB89D0087}.Release|Any CPU.Build.0 = Release|Any CPU
		{2BC709B8-E97F-43F7-B7B2-99EF09A0607D}.Debug|Any CPU.ActiveCfg = Debug|Any CPU
		{2BC709B8-E97F-43F7-B7B2-99EF09A0607D}.Debug|Any CPU.Build.0 = Debug|Any CPU
		{2BC709B8-E97F-43F7-B7B2-99EF09A0607D}.Release|Any CPU.ActiveCfg = Release|Any CPU
		{2BC709B8-E97F-43F7-B7B2-99EF09A0607D}.Release|Any CPU.Build.0 = Release|Any CPU
		{A4BC36AE-D374-4D14-8C96-A7CE52D67D14}.Debug|Any CPU.ActiveCfg = Debug|Any CPU
		{A4BC36AE-D374-4D14-8C96-A7CE52D67D14}.Debug|Any CPU.Build.0 = Debug|Any CPU
		{A4BC36AE-D374-4D14-8C96-A7CE52D67D14}.Release|Any CPU.ActiveCfg = Release|Any CPU
		{A4BC36AE-D374-4D14-8C96-A7CE52D67D14}.Release|Any CPU.Build.0 = Release|Any CPU
		{1E1B54DF-D592-449D-AC29-45557EB4470C}.Debug|Any CPU.ActiveCfg = Debug|Any CPU
		{1E1B54DF-D592-449D-AC29-45557EB4470C}.Debug|Any CPU.Build.0 = Debug|Any CPU
		{1E1B54DF-D592-449D-AC29-45557EB4470C}.Release|Any CPU.ActiveCfg = Release|Any CPU
		{1E1B54DF-D592-449D-AC29-45557EB4470C}.Release|Any CPU.Build.0 = Release|Any CPU
		{3DBD8969-69A4-497E-B296-17588630F08C}.Debug|Any CPU.ActiveCfg = Debug|Any CPU
		{3DBD8969-69A4-497E-B296-17588630F08C}.Debug|Any CPU.Build.0 = Debug|Any CPU
		{3DBD8969-69A4-497E-B296-17588630F08C}.Release|Any CPU.ActiveCfg = Release|Any CPU
		{3DBD8969-69A4-497E-B296-17588630F08C}.Release|Any CPU.Build.0 = Release|Any CPU
		{0B640CD5-0366-4242-B966-DB4D18E2C7BA}.Debug|Any CPU.ActiveCfg = Debug|Any CPU
		{0B640CD5-0366-4242-B966-DB4D18E2C7BA}.Debug|Any CPU.Build.0 = Debug|Any CPU
		{0B640CD5-0366-4242-B966-DB4D18E2C7BA}.Release|Any CPU.ActiveCfg = Release|Any CPU
		{0B640CD5-0366-4242-B966-DB4D18E2C7BA}.Release|Any CPU.Build.0 = Release|Any CPU
		{804BA66F-2307-4468-BD06-67CB32D58CDC}.Debug|Any CPU.ActiveCfg = Debug|Any CPU
		{804BA66F-2307-4468-BD06-67CB32D58CDC}.Debug|Any CPU.Build.0 = Debug|Any CPU
		{804BA66F-2307-4468-BD06-67CB32D58CDC}.Release|Any CPU.ActiveCfg = Release|Any CPU
		{804BA66F-2307-4468-BD06-67CB32D58CDC}.Release|Any CPU.Build.0 = Release|Any CPU
		{F76EE07B-0D60-47A0-B859-413126A0B4E7}.Debug|Any CPU.ActiveCfg = Debug|Any CPU
		{F76EE07B-0D60-47A0-B859-413126A0B4E7}.Debug|Any CPU.Build.0 = Debug|Any CPU
		{F76EE07B-0D60-47A0-B859-413126A0B4E7}.Release|Any CPU.ActiveCfg = Release|Any CPU
		{F76EE07B-0D60-47A0-B859-413126A0B4E7}.Release|Any CPU.Build.0 = Release|Any CPU
		{4BA89019-2358-46CC-A53C-63E52C0B3F9D}.Debug|Any CPU.ActiveCfg = Debug|Any CPU
		{4BA89019-2358-46CC-A53C-63E52C0B3F9D}.Debug|Any CPU.Build.0 = Debug|Any CPU
		{4BA89019-2358-46CC-A53C-63E52C0B3F9D}.Release|Any CPU.ActiveCfg = Release|Any CPU
		{4BA89019-2358-46CC-A53C-63E52C0B3F9D}.Release|Any CPU.Build.0 = Release|Any CPU
		{34C1A015-6BFF-4264-9C01-31F9982F269F}.Debug|Any CPU.ActiveCfg = Debug|Any CPU
		{34C1A015-6BFF-4264-9C01-31F9982F269F}.Debug|Any CPU.Build.0 = Debug|Any CPU
		{34C1A015-6BFF-4264-9C01-31F9982F269F}.Release|Any CPU.ActiveCfg = Release|Any CPU
		{34C1A015-6BFF-4264-9C01-31F9982F269F}.Release|Any CPU.Build.0 = Release|Any CPU
		{E8A840FD-E457-4C32-8F1F-43FC9383FB68}.Debug|Any CPU.ActiveCfg = Debug|Any CPU
		{E8A840FD-E457-4C32-8F1F-43FC9383FB68}.Debug|Any CPU.Build.0 = Debug|Any CPU
		{E8A840FD-E457-4C32-8F1F-43FC9383FB68}.Release|Any CPU.ActiveCfg = Release|Any CPU
		{E8A840FD-E457-4C32-8F1F-43FC9383FB68}.Release|Any CPU.Build.0 = Release|Any CPU
		{BB1CA343-BC92-4D0B-BB50-727231854349}.Debug|Any CPU.ActiveCfg = Debug|Any CPU
		{BB1CA343-BC92-4D0B-BB50-727231854349}.Debug|Any CPU.Build.0 = Debug|Any CPU
		{BB1CA343-BC92-4D0B-BB50-727231854349}.Release|Any CPU.ActiveCfg = Release|Any CPU
		{BB1CA343-BC92-4D0B-BB50-727231854349}.Release|Any CPU.Build.0 = Release|Any CPU
		{E2F5F5BA-BC3E-4C66-95F9-C47CF87ADB47}.Debug|Any CPU.ActiveCfg = Debug|Any CPU
		{E2F5F5BA-BC3E-4C66-95F9-C47CF87ADB47}.Debug|Any CPU.Build.0 = Debug|Any CPU
		{E2F5F5BA-BC3E-4C66-95F9-C47CF87ADB47}.Release|Any CPU.ActiveCfg = Release|Any CPU
		{E2F5F5BA-BC3E-4C66-95F9-C47CF87ADB47}.Release|Any CPU.Build.0 = Release|Any CPU
		{AD9ED596-B808-4DC0-969D-3D454A8F2290}.Debug|Any CPU.ActiveCfg = Debug|Any CPU
		{AD9ED596-B808-4DC0-969D-3D454A8F2290}.Debug|Any CPU.Build.0 = Debug|Any CPU
		{AD9ED596-B808-4DC0-969D-3D454A8F2290}.Release|Any CPU.ActiveCfg = Release|Any CPU
		{AD9ED596-B808-4DC0-969D-3D454A8F2290}.Release|Any CPU.Build.0 = Release|Any CPU
		{88202A37-6EF3-4106-8C1B-A2E5A73DB882}.Debug|Any CPU.ActiveCfg = Debug|Any CPU
		{88202A37-6EF3-4106-8C1B-A2E5A73DB882}.Debug|Any CPU.Build.0 = Debug|Any CPU
		{88202A37-6EF3-4106-8C1B-A2E5A73DB882}.Release|Any CPU.ActiveCfg = Release|Any CPU
		{88202A37-6EF3-4106-8C1B-A2E5A73DB882}.Release|Any CPU.Build.0 = Release|Any CPU
		{37D1BBCB-C93F-447A-9372-49E5D0357AC9}.Debug|Any CPU.ActiveCfg = Debug|Any CPU
		{37D1BBCB-C93F-447A-9372-49E5D0357AC9}.Debug|Any CPU.Build.0 = Debug|Any CPU
		{37D1BBCB-C93F-447A-9372-49E5D0357AC9}.Release|Any CPU.ActiveCfg = Release|Any CPU
		{37D1BBCB-C93F-447A-9372-49E5D0357AC9}.Release|Any CPU.Build.0 = Release|Any CPU
		{5A6361FE-8AF2-4B71-8F7B-D6A9A3DAF862}.Debug|Any CPU.ActiveCfg = Debug|Any CPU
		{5A6361FE-8AF2-4B71-8F7B-D6A9A3DAF862}.Debug|Any CPU.Build.0 = Debug|Any CPU
		{5A6361FE-8AF2-4B71-8F7B-D6A9A3DAF862}.Release|Any CPU.ActiveCfg = Release|Any CPU
		{5A6361FE-8AF2-4B71-8F7B-D6A9A3DAF862}.Release|Any CPU.Build.0 = Release|Any CPU
		{8BA93939-0F96-41C9-AEA8-FCF60BD47A7B}.Debug|Any CPU.ActiveCfg = Debug|Any CPU
		{8BA93939-0F96-41C9-AEA8-FCF60BD47A7B}.Debug|Any CPU.Build.0 = Debug|Any CPU
		{8BA93939-0F96-41C9-AEA8-FCF60BD47A7B}.Release|Any CPU.ActiveCfg = Release|Any CPU
		{8BA93939-0F96-41C9-AEA8-FCF60BD47A7B}.Release|Any CPU.Build.0 = Release|Any CPU
		{35FFD72C-804C-45B8-9A60-C0C5DAA4CB96}.Debug|Any CPU.ActiveCfg = Debug|Any CPU
		{35FFD72C-804C-45B8-9A60-C0C5DAA4CB96}.Debug|Any CPU.Build.0 = Debug|Any CPU
		{35FFD72C-804C-45B8-9A60-C0C5DAA4CB96}.Release|Any CPU.ActiveCfg = Release|Any CPU
		{35FFD72C-804C-45B8-9A60-C0C5DAA4CB96}.Release|Any CPU.Build.0 = Release|Any CPU
		{0F5A8C60-7BF7-4076-89C3-3750802551BF}.Debug|Any CPU.ActiveCfg = Debug|Any CPU
		{0F5A8C60-7BF7-4076-89C3-3750802551BF}.Debug|Any CPU.Build.0 = Debug|Any CPU
		{0F5A8C60-7BF7-4076-89C3-3750802551BF}.Release|Any CPU.ActiveCfg = Release|Any CPU
		{0F5A8C60-7BF7-4076-89C3-3750802551BF}.Release|Any CPU.Build.0 = Release|Any CPU
		{923E11FA-34C9-4AC7-8CDC-654E1C97E106}.Debug|Any CPU.ActiveCfg = Debug|Any CPU
		{923E11FA-34C9-4AC7-8CDC-654E1C97E106}.Debug|Any CPU.Build.0 = Debug|Any CPU
		{923E11FA-34C9-4AC7-8CDC-654E1C97E106}.Release|Any CPU.ActiveCfg = Release|Any CPU
		{923E11FA-34C9-4AC7-8CDC-654E1C97E106}.Release|Any CPU.Build.0 = Release|Any CPU
		{AC3AE1CC-85B4-41EB-8DF4-3514B32E8569}.Debug|Any CPU.ActiveCfg = Debug|Any CPU
		{AC3AE1CC-85B4-41EB-8DF4-3514B32E8569}.Debug|Any CPU.Build.0 = Debug|Any CPU
		{AC3AE1CC-85B4-41EB-8DF4-3514B32E8569}.Release|Any CPU.ActiveCfg = Release|Any CPU
		{AC3AE1CC-85B4-41EB-8DF4-3514B32E8569}.Release|Any CPU.Build.0 = Release|Any CPU
		{B98CEB41-40A9-47A6-972D-206B17A28FDB}.Debug|Any CPU.ActiveCfg = Debug|Any CPU
		{B98CEB41-40A9-47A6-972D-206B17A28FDB}.Debug|Any CPU.Build.0 = Debug|Any CPU
		{B98CEB41-40A9-47A6-972D-206B17A28FDB}.Release|Any CPU.ActiveCfg = Release|Any CPU
		{B98CEB41-40A9-47A6-972D-206B17A28FDB}.Release|Any CPU.Build.0 = Release|Any CPU
	EndGlobalSection
	GlobalSection(SolutionProperties) = preSolution
		HideSolutionNode = FALSE
	EndGlobalSection
	GlobalSection(NestedProjects) = preSolution
		{02EA681E-C7D8-13C7-8484-4AC65E1B71E8} = {1B05C0E5-D78B-4977-A40D-92909FFAED6F}
		{10209E27-2690-4494-988A-AA9D7494FA11} = {1B05C0E5-D78B-4977-A40D-92909FFAED6F}
		{3DFAC1FD-C12E-4D29-999C-90DFB89D0087} = {02EA681E-C7D8-13C7-8484-4AC65E1B71E8}
		{2BC709B8-E97F-43F7-B7B2-99EF09A0607D} = {10209E27-2690-4494-988A-AA9D7494FA11}
		{1E1B54DF-D592-449D-AC29-45557EB4470C} = {10209E27-2690-4494-988A-AA9D7494FA11}
		{DD63FCF2-9F50-4564-9D3F-A4BD0D03F849} = {1B05C0E5-D78B-4977-A40D-92909FFAED6F}
		{3DBD8969-69A4-497E-B296-17588630F08C} = {DD63FCF2-9F50-4564-9D3F-A4BD0D03F849}
		{0B640CD5-0366-4242-B966-DB4D18E2C7BA} = {DD63FCF2-9F50-4564-9D3F-A4BD0D03F849}
		{B4028702-DB49-46B3-9546-F1A9A16F9950} = {3D43E94D-D09D-418F-9FBD-194FB8AEB136}
		{83A93FE8-F945-4852-BF48-DF4935E66412} = {3D43E94D-D09D-418F-9FBD-194FB8AEB136}
		{D4149A69-6F77-4E1B-87EC-F85B0D598DFB} = {3D43E94D-D09D-418F-9FBD-194FB8AEB136}
		{4BA89019-2358-46CC-A53C-63E52C0B3F9D} = {83A93FE8-F945-4852-BF48-DF4935E66412}
		{34C1A015-6BFF-4264-9C01-31F9982F269F} = {B4028702-DB49-46B3-9546-F1A9A16F9950}
		{E8A840FD-E457-4C32-8F1F-43FC9383FB68} = {B4028702-DB49-46B3-9546-F1A9A16F9950}
		{BB1CA343-BC92-4D0B-BB50-727231854349} = {D4149A69-6F77-4E1B-87EC-F85B0D598DFB}
		{E2F5F5BA-BC3E-4C66-95F9-C47CF87ADB47} = {D4149A69-6F77-4E1B-87EC-F85B0D598DFB}
		{BB58F685-1060-4C28-BBA4-23CCC2625F7E} = {6045632A-2D5C-42E4-A2BE-85001FDE0635}
		{966DC125-94CA-448A-A8C1-41E43FB6E866} = {6045632A-2D5C-42E4-A2BE-85001FDE0635}
		{521BBC6E-FE31-4F21-9278-32F0E58B9DA7} = {6045632A-2D5C-42E4-A2BE-85001FDE0635}
		{AD9ED596-B808-4DC0-969D-3D454A8F2290} = {BB58F685-1060-4C28-BBA4-23CCC2625F7E}
		{88202A37-6EF3-4106-8C1B-A2E5A73DB882} = {BB58F685-1060-4C28-BBA4-23CCC2625F7E}
		{37D1BBCB-C93F-447A-9372-49E5D0357AC9} = {966DC125-94CA-448A-A8C1-41E43FB6E866}
		{5A6361FE-8AF2-4B71-8F7B-D6A9A3DAF862} = {521BBC6E-FE31-4F21-9278-32F0E58B9DA7}
		{8BA93939-0F96-41C9-AEA8-FCF60BD47A7B} = {521BBC6E-FE31-4F21-9278-32F0E58B9DA7}
		{3600D105-33DF-451A-910D-CDEE3EA0D578} = {B301952C-6154-44BB-AC10-C085117E035B}
		{55459C79-C545-4165-BF92-7B1123B4454A} = {B301952C-6154-44BB-AC10-C085117E035B}
		{35FFD72C-804C-45B8-9A60-C0C5DAA4CB96} = {3600D105-33DF-451A-910D-CDEE3EA0D578}
		{0F5A8C60-7BF7-4076-89C3-3750802551BF} = {55459C79-C545-4165-BF92-7B1123B4454A}
		{923E11FA-34C9-4AC7-8CDC-654E1C97E106} = {55459C79-C545-4165-BF92-7B1123B4454A}
		{2BD9D8CA-D6E8-437A-95DC-258E1468EBCF} = {B301952C-6154-44BB-AC10-C085117E035B}
		{AC3AE1CC-85B4-41EB-8DF4-3514B32E8569} = {2BD9D8CA-D6E8-437A-95DC-258E1468EBCF}
		{B98CEB41-40A9-47A6-972D-206B17A28FDB} = {2BD9D8CA-D6E8-437A-95DC-258E1468EBCF}
	EndGlobalSection
	GlobalSection(ExtensibilityGlobals) = postSolution
		SolutionGuid = {C5AAD7C5-8A5B-4FDD-B05D-EFE095A7B04E}
	EndGlobalSection
EndGlobal
